
Microsoft Visual Studio Solution File, Format Version 12.00
# Visual Studio Version 17
VisualStudioVersion = 17.0.31903.59
MinimumVisualStudioVersion = 10.0.40219.1
Project("{FAE04EC0-301F-11D3-BF4B-00C04F79EFBC}") = "Resell Assistant", "Resell Assistant\Resell Assistant.csproj", "{0A7B2153-F242-49FB-A6CC-EC6BAF631A75}"
EndProject
Project("{FAE04EC0-301F-11D3-BF4B-00C04F79EFBC}") = "Resell Assistant.Tests", "Resell Assistant.Tests\Resell Assistant.Tests.csproj", "{1B2C3D4E-5F6A-7B8C-9D0E-1F2A3B4C5D6E}"
EndProject
Global
	GlobalSection(SolutionConfigurationPlatforms) = preSolution
		Debug|Any CPU = Debug|Any CPU
		Debug|x64 = Debug|x64
		Debug|x86 = Debug|x86
		Release|Any CPU = Release|Any CPU
		Release|x64 = Release|x64
		Release|x86 = Release|x86
	EndGlobalSection
	GlobalSection(ProjectConfigurationPlatforms) = postSolution
		{0A7B2153-F242-49FB-A6CC-EC6BAF631A75}.Debug|Any CPU.ActiveCfg = Debug|Any CPU
		{0A7B2153-F242-49FB-A6CC-EC6BAF631A75}.Debug|Any CPU.Build.0 = Debug|Any CPU
		{0A7B2153-F242-49FB-A6CC-EC6BAF631A75}.Debug|x64.ActiveCfg = Debug|Any CPU
		{0A7B2153-F242-49FB-A6CC-EC6BAF631A75}.Debug|x64.Build.0 = Debug|Any CPU
		{0A7B2153-F242-49FB-A6CC-EC6BAF631A75}.Debug|x86.ActiveCfg = Debug|Any CPU
		{0A7B2153-F242-49FB-A6CC-EC6BAF631A75}.Debug|x86.Build.0 = Debug|Any CPU
		{0A7B2153-F242-49FB-A6CC-EC6BAF631A75}.Release|Any CPU.ActiveCfg = Release|Any CPU
		{0A7B2153-F242-49FB-A6CC-EC6BAF631A75}.Release|Any CPU.Build.0 = Release|Any CPU
		{0A7B2153-F242-49FB-A6CC-EC6BAF631A75}.Release|x64.ActiveCfg = Release|Any CPU
		{0A7B2153-F242-49FB-A6CC-EC6BAF631A75}.Release|x64.Build.0 = Release|Any CPU
		{0A7B2153-F242-49FB-A6CC-EC6BAF631A75}.Release|x86.ActiveCfg = Release|Any CPU
		{0A7B2153-F242-49FB-A6CC-EC6BAF631A75}.Release|x86.Build.0 = Release|Any CPU
		{1B2C3D4E-5F6A-7B8C-9D0E-1F2A3B4C5D6E}.Debug|Any CPU.ActiveCfg = Debug|Any CPU
		{1B2C3D4E-5F6A-7B8C-9D0E-1F2A3B4C5D6E}.Debug|Any CPU.Build.0 = Debug|Any CPU
		{1B2C3D4E-5F6A-7B8C-9D0E-1F2A3B4C5D6E}.Debug|x64.ActiveCfg = Debug|Any CPU
		{1B2C3D4E-5F6A-7B8C-9D0E-1F2A3B4C5D6E}.Debug|x64.Build.0 = Debug|Any CPU
		{1B2C3D4E-5F6A-7B8C-9D0E-1F2A3B4C5D6E}.Debug|x86.ActiveCfg = Debug|Any CPU
		{1B2C3D4E-5F6A-7B8C-9D0E-1F2A3B4C5D6E}.Debug|x86.Build.0 = Debug|Any CPU
		{1B2C3D4E-5F6A-7B8C-9D0E-1F2A3B4C5D6E}.Release|Any CPU.ActiveCfg = Release|Any CPU
		{1B2C3D4E-5F6A-7B8C-9D0E-1F2A3B4C5D6E}.Release|Any CPU.Build.0 = Release|Any CPU
		{1B2C3D4E-5F6A-7B8C-9D0E-1F2A3B4C5D6E}.Release|x64.ActiveCfg = Release|Any CPU
		{1B2C3D4E-5F6A-7B8C-9D0E-1F2A3B4C5D6E}.Release|x64.Build.0 = Release|Any CPU
		{1B2C3D4E-5F6A-7B8C-9D0E-1F2A3B4C5D6E}.Release|x86.ActiveCfg = Release|Any CPU
		{1B2C3D4E-5F6A-7B8C-9D0E-1F2A3B4C5D6E}.Release|x86.Build.0 = Release|Any CPU
	EndGlobalSection
	GlobalSection(SolutionProperties) = preSolution
		HideSolutionNode = FALSE
	EndGlobalSection
EndGlobal
